
Microsoft Visual Studio Solution File, Format Version 12.00
# Visual Studio Version 16
VisualStudioVersion = 16.0.29905.134
MinimumVisualStudioVersion = 10.0.40219.1
Project("{9A19103F-16F7-4668-BE54-9A1E7A4F7556}") = "AzureFunctionsWithEdm2", "v2\AzureFunctionsWithEdm2.csproj", "{10FDA42D-3026-43DF-AA27-FC2C5D81BB81}"
EndProject
Project("{9A19103F-16F7-4668-BE54-9A1E7A4F7556}") = "AzureFunctionsWithEdm3", "v3\AzureFunctionsWithEdm3.csproj", "{C118FD00-F03E-465C-A244-468B629B216E}"
EndProject
Global
	GlobalSection(SolutionConfigurationPlatforms) = preSolution
		Debug|Any CPU = Debug|Any CPU
		Release|Any CPU = Release|Any CPU
	EndGlobalSection
	GlobalSection(ProjectConfigurationPlatforms) = postSolution
		{10FDA42D-3026-43DF-AA27-FC2C5D81BB81}.Debug|Any CPU.ActiveCfg = Debug|Any CPU
		{10FDA42D-3026-43DF-AA27-FC2C5D81BB81}.Debug|Any CPU.Build.0 = Debug|Any CPU
		{10FDA42D-3026-43DF-AA27-FC2C5D81BB81}.Release|Any CPU.ActiveCfg = Release|Any CPU
		{10FDA42D-3026-43DF-AA27-FC2C5D81BB81}.Release|Any CPU.Build.0 = Release|Any CPU
		{C118FD00-F03E-465C-A244-468B629B216E}.Debug|Any CPU.ActiveCfg = Debug|Any CPU
		{C118FD00-F03E-465C-A244-468B629B216E}.Debug|Any CPU.Build.0 = Debug|Any CPU
		{C118FD00-F03E-465C-A244-468B629B216E}.Release|Any CPU.ActiveCfg = Release|Any CPU
		{C118FD00-F03E-465C-A244-468B629B216E}.Release|Any CPU.Build.0 = Release|Any CPU
	EndGlobalSection
	GlobalSection(SolutionProperties) = preSolution
		HideSolutionNode = FALSE
	EndGlobalSection
	GlobalSection(ExtensibilityGlobals) = postSolution
		SolutionGuid = {899C164D-5995-41B0-A65F-C0B791A4A5A7}
	EndGlobalSection
EndGlobal
